
Microsoft Visual Studio Solution File, Format Version 12.00
# Visual Studio 15
VisualStudioVersion = 15.0.26403.0
MinimumVisualStudioVersion = 10.0.40219.1
Project("{FAE04EC0-301F-11D3-BF4B-00C04F79EFBC}") = "WebServiceInterface", "WebServiceInterface\WebServiceInterface.csproj", "{EF17844F-FBC8-43D3-B63E-B8D1955812AA}"
EndProject
Global
	GlobalSection(SolutionConfigurationPlatforms) = preSolution
		Debug|Any CPU = Debug|Any CPU
		Release|Any CPU = Release|Any CPU
	EndGlobalSection
	GlobalSection(ProjectConfigurationPlatforms) = postSolution
		{EF17844F-FBC8-43D3-B63E-B8D1955812AA}.Debug|Any CPU.ActiveCfg = Debug|Any CPU
		{EF17844F-FBC8-43D3-B63E-B8D1955812AA}.Debug|Any CPU.Build.0 = Debug|Any CPU
		{EF17844F-FBC8-43D3-B63E-B8D1955812AA}.Release|Any CPU.ActiveCfg = Release|Any CPU
		{EF17844F-FBC8-43D3-B63E-B8D1955812AA}.Release|Any CPU.Build.0 = Release|Any CPU
	EndGlobalSection
	GlobalSection(SolutionProperties) = preSolution
		HideSolutionNode = FALSE
	EndGlobalSection
EndGlobal
